Microsoft Visual Studio Solution File, Format Version 12.00
# Visual Studio Version 17
VisualStudioVersion = 17.5.2.0
MinimumVisualStudioVersion = 10.0.40219.1
Project("{FAE04EC0-301F-11D3-BF4B-00C04F79EFBC}") = "PSPong", "PSPong.csproj", "{74FE4524-6E52-B3D8-31C1-FE02703D1AD8}"
EndProject
Global
	GlobalSection(SolutionConfigurationPlatforms) = preSolution
		Debug|Any CPU = Debug|Any CPU
		Release|Any CPU = Release|Any CPU
	EndGlobalSection
	GlobalSection(ProjectConfigurationPlatforms) = postSolution
		{74FE4524-6E52-B3D8-31C1-FE02703D1AD8}.Debug|Any CPU.ActiveCfg = Debug|Any CPU
		{74FE4524-6E52-B3D8-31C1-FE02703D1AD8}.Debug|Any CPU.Build.0 = Debug|Any CPU
		{74FE4524-6E52-B3D8-31C1-FE02703D1AD8}.Release|Any CPU.ActiveCfg = Release|Any CPU
		{74FE4524-6E52-B3D8-31C1-FE02703D1AD8}.Release|Any CPU.Build.0 = Release|Any CPU
	EndGlobalSection
	GlobalSection(SolutionProperties) = preSolution
		HideSolutionNode = FALSE
	EndGlobalSection
	GlobalSection(ExtensibilityGlobals) = postSolution
		SolutionGuid = {E86DE79E-4A03-4E13-9C18-38A375126C7B}
	EndGlobalSection
EndGlobal
